
Microsoft Visual Studio Solution File, Format Version 12.00
# Visual Studio 2013
VisualStudioVersion = 12.0.21005.1
MinimumVisualStudioVersion = 10.0.40219.1
Project("{FAE04EC0-301F-11D3-BF4B-00C04F79EFBC}") = "WebApplication", "WebApplication\WebApplication.csproj", "{4AFB6068-A8D1-4B3B-AFD4-6E64629BE92C}"
EndProject
Project("{FAE04EC0-301F-11D3-BF4B-00C04F79EFBC}") = "WebApplication.Tests", "WebApplication.Tests\WebApplication.Tests.csproj", "{6ABFFA3D-5A1D-4037-A1CC-BF9567B02B0C}"
EndProject
Global
	GlobalSection(SolutionConfigurationPlatforms) = preSolution
		Debug|Any CPU = Debug|Any CPU
		Release|Any CPU = Release|Any CPU
	EndGlobalSection
	GlobalSection(ProjectConfigurationPlatforms) = postSolution
		{4AFB6068-A8D1-4B3B-AFD4-6E64629BE92C}.Debug|Any CPU.ActiveCfg = Debug|Any CPU
		{4AFB6068-A8D1-4B3B-AFD4-6E64629BE92C}.Debug|Any CPU.Build.0 = Debug|Any CPU
		{4AFB6068-A8D1-4B3B-AFD4-6E64629BE92C}.Release|Any CPU.ActiveCfg = Release|Any CPU
		{4AFB6068-A8D1-4B3B-AFD4-6E64629BE92C}.Release|Any CPU.Build.0 = Release|Any CPU
		{6ABFFA3D-5A1D-4037-A1CC-BF9567B02B0C}.Debug|Any CPU.ActiveCfg = Debug|Any CPU
		{6ABFFA3D-5A1D-4037-A1CC-BF9567B02B0C}.Debug|Any CPU.Build.0 = Debug|Any CPU
		{6ABFFA3D-5A1D-4037-A1CC-BF9567B02B0C}.Release|Any CPU.ActiveCfg = Release|Any CPU
		{6ABFFA3D-5A1D-4037-A1CC-BF9567B02B0C}.Release|Any CPU.Build.0 = Release|Any CPU
	EndGlobalSection
	GlobalSection(SolutionProperties) = preSolution
		HideSolutionNode = FALSE
	EndGlobalSection
EndGlobal
